version = 1
requires-python = ">=3.10"

[[package]]
name = "colorama"
version = "0.4.6"
source = { registry = "https://pypi.org/simple" }
sdist = { url = "https://files.pythonhosted.org/packages/d8/53/6f443c9a4a8358a93a6792e2acffb9d9d5cb0a5cfd8802644b7b1c9a02e4/colorama-0.4.6.tar.gz", hash = "sha256:08695f5cb7ed6e0531a20572697297273c47b8cae5a63ffc6d6ed5c201be6e44", size = 27697 }
wheels = [
    { url = "https://files.pythonhosted.org/packages/d1/d6/3965ed04c63042e047cb6a3e6ed1a63a35087b6a609aa3a15ed8ac56c221/colorama-0.4.6-py2.py3-none-any.whl", hash = "sha256:4f1d9991f5acc0ca119f9d443620b77f9d6b33703e51011c16baf57afb285fc6", size = 25335 },
]

[[package]]
name = "exceptiongroup"
version = "1.2.2"
source = { registry = "https://pypi.org/simple" }
sdist = { url = "https://files.pythonhosted.org/packages/09/35/2495c4ac46b980e4ca1f6ad6db102322ef3ad2410b79fdde159a4b0f3b92/exceptiongroup-1.2.2.tar.gz", hash = "sha256:47c2edf7c6738fafb49fd34290706d1a1a2f4d1c6df275526b62cbb4aa5393cc", size = 28883 }
wheels = [
    { url = "https://files.pythonhosted.org/packages/02/cc/b7e31358aac6ed1ef2bb790a9746ac2c69bcb3c8588b41616914eb106eaf/exceptiongroup-1.2.2-py3-none-any.whl", hash = "sha256:3111b9d131c238bec2f8f516e123e14ba243563fb135d3fe885990585aa7795b", size = 16453 },
]

[[package]]
name = "iniconfig"
version = "2.0.0"
source = { registry = "https://pypi.org/simple" }
sdist = { url = "https://files.pythonhosted.org/packages/d7/4b/cbd8e699e64a6f16ca3a8220661b5f83792b3017d0f79807cb8708d33913/iniconfig-2.0.0.tar.gz", hash = "sha256:2d91e135bf72d31a410b17c16da610a82cb55f6b0477d1a902134b24a455b8b3", size = 4646 }
wheels = [
    { url = "https://files.pythonhosted.org/packages/ef/a6/62565a6e1cf69e10f5727360368e451d4b7f58beeac6173dc9db836a5b46/iniconfig-2.0.0-py3-none-any.whl", hash = "sha256:b6a85871a79d2e3b22d2d1b94ac2824226a63c6b741c88f7ae975f18b6778374", size = 5892 },
]

[[package]]
name = "numpy"
version = "2.1.1"
source = { registry = "https://pypi.org/simple" }
sdist = { url = "https://files.pythonhosted.org/packages/59/5f/9003bb3e632f2b58f5e3a3378902dcc73c5518070736c6740fe52454e8e1/numpy-2.1.1.tar.gz", hash = "sha256:d0cf7d55b1051387807405b3898efafa862997b4cba8aa5dbe657be794afeafd", size = 18874860 }
wheels = [
    { url = "https://files.pythonhosted.org/packages/d5/37/e3de47233b3ba458b1021a6f95029198b2f68a83eb886a862640b6ec3e9a/numpy-2.1.1-cp310-cp310-macosx_10_9_x86_64.whl", hash = "sha256:c8a0e34993b510fc19b9a2ce7f31cb8e94ecf6e924a40c0c9dd4f62d0aac47d9", size = 21150738 },
    { url = "https://files.pythonhosted.org/packages/69/30/f41c9b6dab4e1ec56b40d1daa81ce9f9f8d26da6d02af18768a883676bd5/numpy-2.1.1-cp310-cp310-macosx_11_0_arm64.whl", hash = "sha256:7dd86dfaf7c900c0bbdcb8b16e2f6ddf1eb1fe39c6c8cca6e94844ed3152a8fd", size = 13758247 },
    { url = "https://files.pythonhosted.org/packages/e1/30/d2f71d3419ada3b3735e2ce9cea7dfe22c268ac9fbb24e0b5ac5fc222633/numpy-2.1.1-cp310-cp310-macosx_14_0_arm64.whl", hash = "sha256:5889dd24f03ca5a5b1e8a90a33b5a0846d8977565e4ae003a63d22ecddf6782f", size = 5353756 },
    { url = "https://files.pythonhosted.org/packages/84/64/879bd6877488441cfaa578c96bdc4b43710d7e3ae4f8260fbd04821da395/numpy-2.1.1-cp310-cp310-macosx_14_0_x86_64.whl", hash = "sha256:59ca673ad11d4b84ceb385290ed0ebe60266e356641428c845b39cd9df6713ab", size = 6886809 },
    { url = "https://files.pythonhosted.org/packages/cd/c4/869f8db87f5c9df86b93ca42036f58911ff162dd091a41e617977ab50d1f/numpy-2.1.1-cp310-cp310-manylinux_2_17_aarch64.manylinux2014_aarch64.whl", hash = "sha256:13ce49a34c44b6de5241f0b38b07e44c1b2dcacd9e36c30f9c2fcb1bb5135db7", size = 13977367 },
    { url = "https://files.pythonhosted.org/packages/7d/4b/a509d346fffede6120cc17610cc500819417ee9c3da7f08d9aaf15cab2a3/numpy-2.1.1-cp310-cp310-manylinux_2_17_x86_64.manylinux2014_x86_64.whl", hash = "sha256:913cc1d311060b1d409e609947fa1b9753701dac96e6581b58afc36b7ee35af6", size = 16326516 },
    { url = "https://files.pythonhosted.org/packages/4a/0c/fdba41b2ddeb7a052f84d85fb17d5e168af0e8034b3a2d6e369b7cc2966f/numpy-2.1.1-cp310-cp310-musllinux_1_1_x86_64.whl", hash = "sha256:caf5d284ddea7462c32b8d4a6b8af030b6c9fd5332afb70e7414d7fdded4bfd0", size = 16702642 },
    { url = "https://files.pythonhosted.org/packages/bf/8d/a8da065a46515efdbcf81a92535b816ea17194ce5b767df1f13815c32179/numpy-2.1.1-cp310-cp310-musllinux_1_2_aarch64.whl", hash = "sha256:57eb525e7c2a8fdee02d731f647146ff54ea8c973364f3b850069ffb42799647", size = 14475522 },
    { url = "https://files.pythonhosted.org/packages/b9/d2/5b7cf5851af48c35a73b85750b41f9b622760ee11659665a688e6b3f7cb7/numpy-2.1.1-cp310-cp310-win32.whl", hash = "sha256:9a8e06c7a980869ea67bbf551283bbed2856915f0a792dc32dd0f9dd2fb56728", size = 6535211 },
    { url = "https://files.pythonhosted.org/packages/e5/6a/b1f7d73fec1942ded4b474a78c3fdd11c4fad5232143f41dd7e6ae166080/numpy-2.1.1-cp310-cp310-win_amd64.whl", hash = "sha256:d10c39947a2d351d6d466b4ae83dad4c37cd6c3cdd6d5d0fa797da56f710a6ae", size = 12865289 },
    { url = "https://files.pythonhosted.org/packages/f7/86/2c01070424a42b286ea0271203682c3d3e81e10ce695545b35768307b383/numpy-2.1.1-cp311-cp311-macosx_10_9_x86_64.whl", hash = "sha256:0d07841fd284718feffe7dd17a63a2e6c78679b2d386d3e82f44f0108c905550", size = 21154850 },
    { url = "https://files.pythonhosted.org/packages/ef/4e/d3426d9e620a18bbb979f28e4dc7f9a2c35eb7cf726ffcb33545ebdd3e6a/numpy-2.1.1-cp311-cp311-macosx_11_0_arm64.whl", hash = "sha256:b5613cfeb1adfe791e8e681128f5f49f22f3fcaa942255a6124d58ca59d9528f", size = 13789477 },
    { url = "https://files.pythonhosted.org/packages/c6/6e/fb6b1b2da9f4c757f55b202f10b6af0fe4fee87ace6e830228a12ab8ae5d/numpy-2.1.1-cp311-cp311-macosx_14_0_arm64.whl", hash = "sha256:0b8cc2715a84b7c3b161f9ebbd942740aaed913584cae9cdc7f8ad5ad41943d0", size = 5351769 },
    { url = "https://files.pythonhosted.org/packages/58/9a/07c8a9dc7254f3265ae014e33768d1cfd8eb73ee6cf215f4ec3b497e4255/numpy-2.1.1-cp311-cp311-macosx_14_0_x86_64.whl", hash = "sha256:b49742cdb85f1f81e4dc1b39dcf328244f4d8d1ded95dea725b316bd2cf18c95", size = 6890872 },
    { url = "https://files.pythonhosted.org/packages/08/4e/3b50fa3b1e045793056ed5a1fc6f89dd897ff9cb00900ca6377fe552d442/numpy-2.1.1-cp311-cp311-manylinux_2_17_aarch64.manylinux2014_aarch64.whl", hash = "sha256:e8d5f8a8e3bc87334f025194c6193e408903d21ebaeb10952264943a985066ca", size = 13984256 },
    { url = "https://files.pythonhosted.org/packages/d9/37/108d692f7e2544b9ae972c7bfa06c26717871c273ccec86470bc3132b04d/numpy-2.1.1-cp311-cp311-manylinux_2_17_x86_64.manylinux2014_x86_64.whl", hash = "sha256:d51fc141ddbe3f919e91a096ec739f49d686df8af254b2053ba21a910ae518bf", size = 16337778 },
    { url = "https://files.pythonhosted.org/packages/95/2d/df81a1be3be6d3a92fd12dfd6c26a0dc026b276136ec1056562342a484a2/numpy-2.1.1-cp311-cp311-musllinux_1_1_x86_64.whl", hash = "sha256:98ce7fb5b8063cfdd86596b9c762bf2b5e35a2cdd7e967494ab78a1fa7f8b86e", size = 16710448 },
    { url = "https://files.pythonhosted.org/packages/8f/34/4b2e604c5c44bd64b6c85e89d88871b41e60233b3ddf97419b37ae5b0c72/numpy-2.1.1-cp311-cp311-musllinux_1_2_aarch64.whl", hash = "sha256:24c2ad697bd8593887b019817ddd9974a7f429c14a5469d7fad413f28340a6d2", size = 14489002 },
    { url = "https://files.pythonhosted.org/packages/9f/0d/67c04b6bfefd0abbe7f60f7e4f11e3aca15d688faec1d1df089966105a9a/numpy-2.1.1-cp311-cp311-win32.whl", hash = "sha256:397bc5ce62d3fb73f304bec332171535c187e0643e176a6e9421a6e3eacef06d", size = 6533215 },
    { url = "https://files.pythonhosted.org/packages/94/7a/4c00332a3ca79702bbc86228afd0e84e6f91b47222ec8cdf00677dd16481/numpy-2.1.1-cp311-cp311-win_amd64.whl", hash = "sha256:ae8ce252404cdd4de56dcfce8b11eac3c594a9c16c231d081fb705cf23bd4d9e", size = 12870550 },
    { url = "https://files.pythonhosted.org/packages/36/11/c573ef66c004f991989c2c6218229d9003164525549409aec5ec9afc0285/numpy-2.1.1-cp312-cp312-macosx_10_9_x86_64.whl", hash = "sha256:7c803b7934a7f59563db459292e6aa078bb38b7ab1446ca38dd138646a38203e", size = 20884403 },
    { url = "https://files.pythonhosted.org/packages/6b/6c/a9fbef5fd2f9685212af2a9e47485cde9357c3e303e079ccf85127516f2d/numpy-2.1.1-cp312-cp312-macosx_11_0_arm64.whl", hash = "sha256:6435c48250c12f001920f0751fe50c0348f5f240852cfddc5e2f97e007544cbe", size = 13493375 },
    { url = "https://files.pythonhosted.org/packages/34/f2/1316a6b08ad4c161d793abe81ff7181e9ae2e357a5b06352a383b9f8e800/numpy-2.1.1-cp312-cp312-macosx_14_0_arm64.whl", hash = "sha256:3269c9eb8745e8d975980b3a7411a98976824e1fdef11f0aacf76147f662b15f", size = 5088823 },
    { url = "https://files.pythonhosted.org/packages/be/15/fabf78a6d4a10c250e87daf1cd901af05e71501380532ac508879cc46a7e/numpy-2.1.1-cp312-cp312-macosx_14_0_x86_64.whl", hash = "sha256:fac6e277a41163d27dfab5f4ec1f7a83fac94e170665a4a50191b545721c6521", size = 6619825 },
    { url = "https://files.pythonhosted.org/packages/9f/8a/76ddef3e621541ddd6984bc24d256a4e3422d036790cbbe449e6cad439ee/numpy-2.1.1-cp312-cp312-manylinux_2_17_aarch64.manylinux2014_aarch64.whl", hash = "sha256:fcd8f556cdc8cfe35e70efb92463082b7f43dd7e547eb071ffc36abc0ca4699b", size = 13696705 },
    { url = "https://files.pythonhosted.org/packages/cb/22/2b840d297183916a95847c11f82ae11e248fa98113490b2357f774651e1d/numpy-2.1.1-cp312-cp312-manylinux_2_17_x86_64.manylinux2014_x86_64.whl", hash = "sha256:d2b9cd92c8f8e7b313b80e93cedc12c0112088541dcedd9197b5dee3738c1201", size = 16041649 },
    { url = "https://files.pythonhosted.org/packages/c7/e8/6f4825d8f576cfd5e4d6515b9eec22bd618868bdafc8a8c08b446dcb65f0/numpy-2.1.1-cp312-cp312-musllinux_1_1_x86_64.whl", hash = "sha256:afd9c680df4de71cd58582b51e88a61feed4abcc7530bcd3d48483f20fc76f2a", size = 16409358 },
    { url = "https://files.pythonhosted.org/packages/bf/f8/5edf1105b0dc24fd66fc3e9e7f3bca3d920cde571caaa4375ec1566073c3/numpy-2.1.1-cp312-cp312-musllinux_1_2_aarch64.whl", hash = "sha256:8661c94e3aad18e1ea17a11f60f843a4933ccaf1a25a7c6a9182af70610b2313", size = 14172488 },
    { url = "https://files.pythonhosted.org/packages/f4/c2/dddca3e69a024d2f249a5b68698328163cbdafb7e65fbf6d36373bbabf12/numpy-2.1.1-cp312-cp312-win32.whl", hash = "sha256:950802d17a33c07cba7fd7c3dcfa7d64705509206be1606f196d179e539111ed", size = 6237195 },
    { url = "https://files.pythonhosted.org/packages/b7/98/5640a09daa3abf0caeaefa6e7bf0d10c0aa28a77c84e507d6a716e0e23df/numpy-2.1.1-cp312-cp312-win_amd64.whl", hash = "sha256:3fc5eabfc720db95d68e6646e88f8b399bfedd235994016351b1d9e062c4b270", size = 12568082 },
    { url = "https://files.pythonhosted.org/packages/6b/9e/8bc6f133bc6d359ccc9ec051853aded45504d217685191f31f46d36b7065/numpy-2.1.1-cp313-cp313-macosx_10_13_x86_64.whl", hash = "sha256:046356b19d7ad1890c751b99acad5e82dc4a02232013bd9a9a712fddf8eb60f5", size = 20834810 },
    { url = "https://files.pythonhosted.org/packages/32/1b/429519a2fa28681814c511574017d35f3aab7136d554cc65f4c1526dfbf5/numpy-2.1.1-cp313-cp313-macosx_11_0_arm64.whl", hash = "sha256:6e5a9cb2be39350ae6c8f79410744e80154df658d5bea06e06e0ac5bb75480d5", size = 13507739 },
    { url = "https://files.pythonhosted.org/packages/25/18/c732d7dd9896d11e4afcd487ac65e62f9fa0495563b7614eb850765361fa/numpy-2.1.1-cp313-cp313-macosx_14_0_arm64.whl", hash = "sha256:d4c57b68c8ef5e1ebf47238e99bf27657511ec3f071c465f6b1bccbef12d4136", size = 5074465 },
    { url = "https://files.pythonhosted.org/packages/3e/37/838b7ae9262c370ab25312bab365492016f11810ffc03ebebbd54670b669/numpy-2.1.1-cp313-cp313-macosx_14_0_x86_64.whl", hash = "sha256:8ae0fd135e0b157365ac7cc31fff27f07a5572bdfc38f9c2d43b2aff416cc8b0", size = 6606418 },
    { url = "https://files.pythonhosted.org/packages/8b/b9/7ff3bfb71e316a5b43a124c4b7a5881ab12f3c32636014bef1f757f19dbd/numpy-2.1.1-cp313-cp313-manylinux_2_17_aarch64.manylinux2014_aarch64.whl", hash = "sha256:981707f6b31b59c0c24bcda52e5605f9701cb46da4b86c2e8023656ad3e833cb", size = 13692464 },
    { url = "https://files.pythonhosted.org/packages/42/78/75bcf16e6737cd196ff7ecf0e1fd3f953293a34dff4fd93fb488e8308536/numpy-2.1.1-cp313-cp313-manylinux_2_17_x86_64.manylinux2014_x86_64.whl", hash = "sha256:2ca4b53e1e0b279142113b8c5eb7d7a877e967c306edc34f3b58e9be12fda8df", size = 16037763 },
    { url = "https://files.pythonhosted.org/packages/23/99/36bf5ffe034d06df307bc783e25cf164775863166dcd878879559fe0379f/numpy-2.1.1-cp313-cp313-musllinux_1_1_x86_64.whl", hash = "sha256:e097507396c0be4e547ff15b13dc3866f45f3680f789c1a1301b07dadd3fbc78", size = 16410374 },
    { url = "https://files.pythonhosted.org/packages/7f/16/04c5dab564887d4cd31a9ed30e51467fa70d52a4425f5a9bd1eed5b3d34c/numpy-2.1.1-cp313-cp313-musllinux_1_2_aarch64.whl", hash = "sha256:f7506387e191fe8cdb267f912469a3cccc538ab108471291636a96a54e599556", size = 14169873 },
    { url = "https://files.pythonhosted.org/packages/09/e0/d1b5adbf1731886c4186c59a9fa208585df9452a43a2b60e79af7c649717/numpy-2.1.1-cp313-cp313-win32.whl", hash = "sha256:251105b7c42abe40e3a689881e1793370cc9724ad50d64b30b358bbb3a97553b", size = 6234118 },
    { url = "https://files.pythonhosted.org/packages/d0/9c/2391ee6e9ebe77232ddcab29d92662b545e99d78c3eb3b4e26d59b9ca1ca/numpy-2.1.1-cp313-cp313-win_amd64.whl", hash = "sha256:f212d4f46b67ff604d11fff7cc62d36b3e8714edf68e44e9760e19be38c03eb0", size = 12561742 },
    { url = "https://files.pythonhosted.org/packages/38/0e/c4f754f9e73f9bb520e8bf418c646f2c4f70c5d5f2bc561e90f884593193/numpy-2.1.1-cp313-cp313t-macosx_10_13_x86_64.whl", hash = "sha256:920b0911bb2e4414c50e55bd658baeb78281a47feeb064ab40c2b66ecba85553", size = 20858403 },
    { url = "https://files.pythonhosted.org/packages/32/fc/d69092b9171efa0cb8079577e71ce0cac0e08f917d33f6e99c916ed51d44/numpy-2.1.1-cp313-cp313t-macosx_11_0_arm64.whl", hash = "sha256:bab7c09454460a487e631ffc0c42057e3d8f2a9ddccd1e60c7bb8ed774992480", size = 13519851 },
    { url = "https://files.pythonhosted.org/packages/14/2a/d7cf2cd9f15b23f623075546ea64a2c367cab703338ca22aaaecf7e704df/numpy-2.1.1-cp313-cp313t-macosx_14_0_arm64.whl", hash = "sha256:cea427d1350f3fd0d2818ce7350095c1a2ee33e30961d2f0fef48576ddbbe90f", size = 5115444 },
    { url = "https://files.pythonhosted.org/packages/8e/00/e87b2cb4afcecca3b678deefb8fa53005d7054f3b5c39596e5554e5d98f8/numpy-2.1.1-cp313-cp313t-macosx_14_0_x86_64.whl", hash = "sha256:e30356d530528a42eeba51420ae8bf6c6c09559051887196599d96ee5f536468", size = 6628903 },
    { url = "https://files.pythonhosted.org/packages/ab/9d/337ae8721b3beec48c3413d71f2d44b2defbf3c6f7a85184fc18b7b61f4a/numpy-2.1.1-cp313-cp313t-manylinux_2_17_aarch64.manylinux2014_aarch64.whl", hash = "sha256:e8dfa9e94fc127c40979c3eacbae1e61fda4fe71d84869cc129e2721973231ef", size = 13665945 },
    { url = "https://files.pythonhosted.org/packages/c0/90/ee8668e84c5d5cc080ef3beb622c016adf19ca3aa51afe9dbdcc6a9baf59/numpy-2.1.1-cp313-cp313t-manylinux_2_17_x86_64.manylinux2014_x86_64.whl", hash = "sha256:910b47a6d0635ec1bd53b88f86120a52bf56dcc27b51f18c7b4a2e2224c29f0f", size = 16023473 },
    { url = "https://files.pythonhosted.org/packages/38/a0/57c24b2131879183051dc698fbb53fd43b77c3fa85b6e6311014f2bc2973/numpy-2.1.1-cp313-cp313t-musllinux_1_1_x86_64.whl", hash = "sha256:13cc11c00000848702322af4de0147ced365c81d66053a67c2e962a485b3717c", size = 16400624 },
    { url = "https://files.pythonhosted.org/packages/bb/4c/14a41eb5c9548c6cee6af0936eabfd985c69230ffa2f2598321431a9aa0a/numpy-2.1.1-cp313-cp313t-musllinux_1_2_aarch64.whl", hash = "sha256:53e27293b3a2b661c03f79aa51c3987492bd4641ef933e366e0f9f6c9bf257ec", size = 14155072 },
    { url = "https://files.pythonhosted.org/packages/94/9a/d6a5d138b53ccdc002fdf07f0d1a960326c510e66cbfff7180c88d37c482/numpy-2.1.1-pp310-pypy310_pp73-macosx_10_15_x86_64.whl", hash = "sha256:7be6a07520b88214ea85d8ac8b7d6d8a1839b0b5cb87412ac9f49fa934eb15d5", size = 20982055 },
    { url = "https://files.pythonhosted.org/packages/40/b5/78d8b5481aeef6d2aad3724c6aa5398045d2657038dfe54c055cae1fcf75/numpy-2.1.1-pp310-pypy310_pp73-macosx_14_0_x86_64.whl", hash = "sha256:52ac2e48f5ad847cd43c4755520a2317f3380213493b9d8a4c5e37f3b87df504", size = 6750222 },
    { url = "https://files.pythonhosted.org/packages/eb/9a/59a548ad57df8c432bfac4556504a9fae5c082ffea53d108fcf7ce2956e4/numpy-2.1.1-pp310-pypy310_pp73-manylinux_2_17_x86_64.manylinux2014_x86_64.whl", hash = "sha256:50a95ca3560a6058d6ea91d4629a83a897ee27c00630aed9d933dff191f170cd", size = 16141236 },
    { url = "https://files.pythonhosted.org/packages/02/31/3cbba87e998748b2e33ca5bc6fcc5662c867037f980918e302aebdf139a2/numpy-2.1.1-pp310-pypy310_pp73-win_amd64.whl", hash = "sha256:99f4a9ee60eed1385a86e82288971a51e71df052ed0b2900ed30bc840c0f2e39", size = 12789681 },
]

[[package]]
name = "packaging"
version = "24.1"
source = { registry = "https://pypi.org/simple" }
sdist = { url = "https://files.pythonhosted.org/packages/51/65/50db4dda066951078f0a96cf12f4b9ada6e4b811516bf0262c0f4f7064d4/packaging-24.1.tar.gz", hash = "sha256:026ed72c8ed3fcce5bf8950572258698927fd1dbda10a5e981cdf0ac37f4f002", size = 148788 }
wheels = [
    { url = "https://files.pythonhosted.org/packages/08/aa/cc0199a5f0ad350994d660967a8efb233fe0416e4639146c089643407ce6/packaging-24.1-py3-none-any.whl", hash = "sha256:5b8f2217dbdbd2f7f384c41c628544e6d52f2d0f53c6d0c3ea61aa5d1d7ff124", size = 53985 },
]

[[package]]
name = "pip"
version = "24.2"
source = { registry = "https://pypi.org/simple" }
sdist = { url = "https://files.pythonhosted.org/packages/4d/87/fb90046e096a03aeab235e139436b3fe804cdd447ed2093b0d70eba3f7f8/pip-24.2.tar.gz", hash = "sha256:5b5e490b5e9cb275c879595064adce9ebd31b854e3e803740b72f9ccf34a45b8", size = 1922041 }
wheels = [
    { url = "https://files.pythonhosted.org/packages/d4/55/90db48d85f7689ec6f81c0db0622d704306c5284850383c090e6c7195a5c/pip-24.2-py3-none-any.whl", hash = "sha256:2cd581cf58ab7fcfca4ce8efa6dcacd0de5bf8d0a3eb9ec927e07405f4d9e2a2", size = 1815170 },
]

[[package]]
name = "pluggy"
version = "1.5.0"
source = { registry = "https://pypi.org/simple" }
sdist = { url = "https://files.pythonhosted.org/packages/96/2d/02d4312c973c6050a18b314a5ad0b3210edb65a906f868e31c111dede4a6/pluggy-1.5.0.tar.gz", hash = "sha256:2cffa88e94fdc978c4c574f15f9e59b7f4201d439195c3715ca9e2486f1d0cf1", size = 67955 }
wheels = [
    { url = "https://files.pythonhosted.org/packages/88/5f/e351af9a41f866ac3f1fac4ca0613908d9a41741cfcf2228f4ad853b697d/pluggy-1.5.0-py3-none-any.whl", hash = "sha256:44e1ad92c8ca002de6377e165f3e0f1be63266ab4d554740532335b9d75ea669", size = 20556 },
]

[[package]]
name = "pytest"
version = "8.3.2"
source = { registry = "https://pypi.org/simple" }
dependencies = [
    { name = "colorama", marker = "sys_platform == 'win32'" },
    { name = "exceptiongroup", marker = "python_full_version < '3.11'" },
    { name = "iniconfig" },
    { name = "packaging" },
    { name = "pluggy" },
    { name = "tomli", marker = "python_full_version < '3.11'" },
]
sdist = { url = "https://files.pythonhosted.org/packages/b4/8c/9862305bdcd6020bc7b45b1b5e7397a6caf1a33d3025b9a003b39075ffb2/pytest-8.3.2.tar.gz", hash = "sha256:c132345d12ce551242c87269de812483f5bcc87cdbb4722e48487ba194f9fdce", size = 1439314 }
wheels = [
    { url = "https://files.pythonhosted.org/packages/0f/f9/cf155cf32ca7d6fa3601bc4c5dd19086af4b320b706919d48a4c79081cf9/pytest-8.3.2-py3-none-any.whl", hash = "sha256:4ba08f9ae7dcf84ded419494d229b48d0903ea6407b030eaec46df5e6a73bba5", size = 341802 },
]

[[package]]
name = "ruff"
version = "0.6.2"
source = { registry = "https://pypi.org/simple" }
sdist = { url = "https://files.pythonhosted.org/packages/23/f4/279d044f66b79261fd37df76bf72b64471afab5d3b7906a01499c4451910/ruff-0.6.2.tar.gz", hash = "sha256:239ee6beb9e91feb8e0ec384204a763f36cb53fb895a1a364618c6abb076b3be", size = 2460281 }
wheels = [
    { url = "https://files.pythonhosted.org/packages/72/4b/47dd7a69287afb4069fa42c198e899463605460a58120196711bfcf0446b/ruff-0.6.2-py3-none-linux_armv6l.whl", hash = "sha256:5c8cbc6252deb3ea840ad6a20b0f8583caab0c5ef4f9cca21adc5a92b8f79f3c", size = 9695871 },
    { url = "https://files.pythonhosted.org/packages/ae/c3/8aac62ac4638c14a740ee76a755a925f2d0d04580ab790a9887accb729f6/ruff-0.6.2-py3-none-macosx_10_12_x86_64.whl", hash = "sha256:17002fe241e76544448a8e1e6118abecbe8cd10cf68fde635dad480dba594570", size = 9459354 },
    { url = "https://files.pythonhosted.org/packages/2f/cf/77fbd8d4617b9b9c503f9bffb8552c4e3ea1a58dc36975e7a9104ffb0f85/ruff-0.6.2-py3-none-macosx_11_0_arm64.whl", hash = "sha256:3dbeac76ed13456f8158b8f4fe087bf87882e645c8e8b606dd17b0b66c2c1158", size = 9163871 },
    { url = "https://files.pythonhosted.org/packages/05/1c/765192bab32b79efbb498b06f0b9dcb3629112b53b8777ae1d19b8209e09/ruff-0.6.2-py3-none-manylinux_2_17_aarch64.manylinux2014_aarch64.whl", hash = "sha256:094600ee88cda325988d3f54e3588c46de5c18dae09d683ace278b11f9d4d534", size = 10096250 },
    { url = "https://files.pythonhosted.org/packages/08/d0/86f3cb0f6934c99f759c232984a5204d67a26745cad2d9edff6248adf7d2/ruff-0.6.2-py3-none-manylinux_2_17_armv7l.manylinux2014_armv7l.whl", hash = "sha256:316d418fe258c036ba05fbf7dfc1f7d3d4096db63431546163b472285668132b", size = 9475376 },
    { url = "https://files.pythonhosted.org/packages/cd/cc/4c8d0e225b559a3fae6092ec310d7150d3b02b4669e9223f783ef64d82c0/ruff-0.6.2-py3-none-manylinux_2_17_i686.manylinux2014_i686.whl", hash = "sha256:d72b8b3abf8a2d51b7b9944a41307d2f442558ccb3859bbd87e6ae9be1694a5d", size = 10295634 },
    { url = "https://files.pythonhosted.org/packages/db/96/d2699cfb1bb5a01c68122af43454c76c31331e1c8a9bd97d653d7c82524b/ruff-0.6.2-py3-none-manylinux_2_17_ppc64.manylinux2014_ppc64.whl", hash = "sha256:2aed7e243be68487aa8982e91c6e260982d00da3f38955873aecd5a9204b1d66", size = 11024941 },
    { url = "https://files.pythonhosted.org/packages/8b/a9/6ecd66af8929e0f2a1ed308a4137f3521789f28f0eb97d32c2ca3aa7000c/ruff-0.6.2-py3-none-manylinux_2_17_ppc64le.manylinux2014_ppc64le.whl", hash = "sha256:d371f7fc9cec83497fe7cf5eaf5b76e22a8efce463de5f775a1826197feb9df8", size = 10606894 },
    { url = "https://files.pythonhosted.org/packages/e4/73/2ee4cd19f44992fedac1cc6db9e3d825966072f6dcbd4032f21cbd063170/ruff-0.6.2-py3-none-manylinux_2_17_s390x.manylinux2014_s390x.whl", hash = "sha256:a8f310d63af08f583363dfb844ba8f9417b558199c58a5999215082036d795a1", size = 11552886 },
    { url = "https://files.pythonhosted.org/packages/60/4c/c0f1cd35ce4a93c54a6bb1ee6934a3a205fa02198dd076678193853ceea1/ruff-0.6.2-py3-none-manylinux_2_17_x86_64.manylinux2014_x86_64.whl", hash = "sha256:7db6880c53c56addb8638fe444818183385ec85eeada1d48fc5abe045301b2f1", size = 10264945 },
    { url = "https://files.pythonhosted.org/packages/c4/89/e45c9359b9cdd4245512ea2b9f2bb128a997feaa5f726fc9e8c7a66afadf/ruff-0.6.2-py3-none-musllinux_1_2_aarch64.whl", hash = "sha256:1175d39faadd9a50718f478d23bfc1d4da5743f1ab56af81a2b6caf0a2394f23", size = 10100007 },
    { url = "https://files.pythonhosted.org/packages/06/74/0bd4e0a7ed5f6908df87892f9bf60a2356c0fd74102d8097298bd9b4f346/ruff-0.6.2-py3-none-musllinux_1_2_armv7l.whl", hash = "sha256:5b939f9c86d51635fe486585389f54582f0d65b8238e08c327c1534844b3bb9a", size = 9559267 },
    { url = "https://files.pythonhosted.org/packages/54/03/3dc6dc9419f276f05805bf888c279e3e0b631284abd548d9e87cebb93aec/ruff-0.6.2-py3-none-musllinux_1_2_i686.whl", hash = "sha256:d0d62ca91219f906caf9b187dea50d17353f15ec9bb15aae4a606cd697b49b4c", size = 9905304 },
    { url = "https://files.pythonhosted.org/packages/5c/5b/d6a72a6a6bbf097c09de468326ef5fa1c9e7aa5e6e45979bc0d984b0dbe7/ruff-0.6.2-py3-none-musllinux_1_2_x86_64.whl", hash = "sha256:7438a7288f9d67ed3c8ce4d059e67f7ed65e9fe3aa2ab6f5b4b3610e57e3cb56", size = 10341480 },
    { url = "https://files.pythonhosted.org/packages/79/a9/0f2f21fe15ba537c46598f96aa9ae4a3d4b9ec64926664617ca6a8c772f4/ruff-0.6.2-py3-none-win32.whl", hash = "sha256:279d5f7d86696df5f9549b56b9b6a7f6c72961b619022b5b7999b15db392a4da", size = 7961901 },
    { url = "https://files.pythonhosted.org/packages/b0/80/fff12ffe11853d9f4ea3e5221e6dd2e93640a161c05c9579833e09ad40a7/ruff-0.6.2-py3-none-win_amd64.whl", hash = "sha256:d9f3469c7dd43cd22eb1c3fc16926fb8258d50cb1b216658a07be95dd117b0f2", size = 8783320 },
    { url = "https://files.pythonhosted.org/packages/56/91/577cdd64cce5e74d3f8b5ecb93f29566def569c741eb008aed4f331ef821/ruff-0.6.2-py3-none-win_arm64.whl", hash = "sha256:f28fcd2cd0e02bdf739297516d5643a945cc7caf09bd9bcb4d932540a5ea4fa9", size = 8225886 },
]

[[package]]
name = "tomli"
version = "2.0.1"
source = { registry = "https://pypi.org/simple" }
sdist = { url = "https://files.pythonhosted.org/packages/c0/3f/d7af728f075fb08564c5949a9c95e44352e23dee646869fa104a3b2060a3/tomli-2.0.1.tar.gz", hash = "sha256:de526c12914f0c550d15924c62d72abc48d6fe7364aa87328337a31007fe8a4f", size = 15164 }
wheels = [
    { url = "https://files.pythonhosted.org/packages/97/75/10a9ebee3fd790d20926a90a2547f0bf78f371b2f13aa822c759680ca7b9/tomli-2.0.1-py3-none-any.whl", hash = "sha256:939de3e7a6161af0c887ef91b7d41a53e7c5a1ca976325f429cb46ea9bc30ecc", size = 12757 },
]

[[package]]
name = "two-layer-model"
version = "0.1.0"
source = { editable = "." }
dependencies = [
    { name = "numpy" },
]

[package.dev-dependencies]
dev = [
    { name = "pip" },
    { name = "pytest" },
    { name = "ruff" },
]

[package.metadata]
requires-dist = [{ name = "numpy" }]

[package.metadata.requires-dev]
dev = [
    { name = "pip", specifier = ">=24.2" },
    { name = "pytest", specifier = ">=8.3.2" },
    { name = "ruff", specifier = ">=0.6.2" },
]
